{
  "name": "steering-game",
  "version": "1.0.0",
  "lockfileVersion": 1,
  "requires": true,
  "dependencies": {
    "vector-js": {
      "version": "git+https://github.com/tvance989/vector-js.git#f33df85356ea730c8f2f9592f41b20c2b33e589b"
    },
    "vehicle-js": {
      "version": "git+https://github.com/tvance989/vehicle-js.git#ffd51458710739d00467bc73b2df2c2444710b18"
    }
  }
}
